
Microsoft Visual Studio Solution File, Format Version 12.00
# Visual Studio 15
VisualStudioVersion = 15.0.27428.2002
MinimumVisualStudioVersion = 10.0.40219.1
Project("{FAE04EC0-301F-11D3-BF4B-00C04F79EFBC}") = "DemoApp.APIs", "DemoApp.APIs\DemoApp.APIs.csproj", "{C90D1508-E6A5-42AE-8CF6-CFB7D4467B2E}"
EndProject
Project("{FAE04EC0-301F-11D3-BF4B-00C04F79EFBC}") = "DemoApp.DAL", "DemoApp.DAL\DemoApp.DAL.csproj", "{47E96472-E19F-4495-8042-C8AB45D9925D}"
EndProject
Project("{FAE04EC0-301F-11D3-BF4B-00C04F79EFBC}") = "DemoApp.DTO", "DemoApp.DTO\DemoApp.DTO.csproj", "{A0D89642-2A43-491E-A5A4-0A69A609409E}"
EndProject
Project("{FAE04EC0-301F-11D3-BF4B-00C04F79EFBC}") = "DemoApp.BLL", "DemoApp.BLL\DemoApp.BLL.csproj", "{8E7FBAA6-0BF8-46E8-A351-DF70822BF638}"
EndProject
Global
	GlobalSection(SolutionConfigurationPlatforms) = preSolution
		Debug|Any CPU = Debug|Any CPU
		Release|Any CPU = Release|Any CPU
	EndGlobalSection
	GlobalSection(ProjectConfigurationPlatforms) = postSolution
		{C90D1508-E6A5-42AE-8CF6-CFB7D4467B2E}.Debug|Any CPU.ActiveCfg = Debug|Any CPU
		{C90D1508-E6A5-42AE-8CF6-CFB7D4467B2E}.Debug|Any CPU.Build.0 = Debug|Any CPU
		{C90D1508-E6A5-42AE-8CF6-CFB7D4467B2E}.Release|Any CPU.ActiveCfg = Release|Any CPU
		{C90D1508-E6A5-42AE-8CF6-CFB7D4467B2E}.Release|Any CPU.Build.0 = Release|Any CPU
		{47E96472-E19F-4495-8042-C8AB45D9925D}.Debug|Any CPU.ActiveCfg = Debug|Any CPU
		{47E96472-E19F-4495-8042-C8AB45D9925D}.Debug|Any CPU.Build.0 = Debug|Any CPU
		{47E96472-E19F-4495-8042-C8AB45D9925D}.Release|Any CPU.ActiveCfg = Release|Any CPU
		{47E96472-E19F-4495-8042-C8AB45D9925D}.Release|Any CPU.Build.0 = Release|Any CPU
		{A0D89642-2A43-491E-A5A4-0A69A609409E}.Debug|Any CPU.ActiveCfg = Debug|Any CPU
		{A0D89642-2A43-491E-A5A4-0A69A609409E}.Debug|Any CPU.Build.0 = Debug|Any CPU
		{A0D89642-2A43-491E-A5A4-0A69A609409E}.Release|Any CPU.ActiveCfg = Release|Any CPU
		{A0D89642-2A43-491E-A5A4-0A69A609409E}.Release|Any CPU.Build.0 = Release|Any CPU
		{8E7FBAA6-0BF8-46E8-A351-DF70822BF638}.Debug|Any CPU.ActiveCfg = Debug|Any CPU
		{8E7FBAA6-0BF8-46E8-A351-DF70822BF638}.Debug|Any CPU.Build.0 = Debug|Any CPU
		{8E7FBAA6-0BF8-46E8-A351-DF70822BF638}.Release|Any CPU.ActiveCfg = Release|Any CPU
		{8E7FBAA6-0BF8-46E8-A351-DF70822BF638}.Release|Any CPU.Build.0 = Release|Any CPU
	EndGlobalSection
	GlobalSection(SolutionProperties) = preSolution
		HideSolutionNode = FALSE
	EndGlobalSection
	GlobalSection(ExtensibilityGlobals) = postSolution
		SolutionGuid = {4EC64880-9F5F-45E2-8230-14D0B9D4623E}
	EndGlobalSection
EndGlobal
