
Microsoft Visual Studio Solution File, Format Version 12.00
# Visual Studio 15
VisualStudioVersion = 15.0.27428.2002
MinimumVisualStudioVersion = 10.0.40219.1
Project("{FAE04EC0-301F-11D3-BF4B-00C04F79EFBC}") = "DemoApp.APIs", "DemoApp.APIs\DemoApp.APIs.csproj", "{C90D1508-E6A5-42AE-8CF6-CFB7D4467B2E}"
EndProject
Project("{FAE04EC0-301F-11D3-BF4B-00C04F79EFBC}") = "DemoApp.Data", "DemoApp.Data\DemoApp.Data.csproj", "{D9734113-0209-44F1-8791-2737EE6C67EE}"
EndProject
Global
	GlobalSection(SolutionConfigurationPlatforms) = preSolution
		Debug|Any CPU = Debug|Any CPU
		Release|Any CPU = Release|Any CPU
	EndGlobalSection
	GlobalSection(ProjectConfigurationPlatforms) = postSolution
		{C90D1508-E6A5-42AE-8CF6-CFB7D4467B2E}.Debug|Any CPU.ActiveCfg = Debug|Any CPU
		{C90D1508-E6A5-42AE-8CF6-CFB7D4467B2E}.Debug|Any CPU.Build.0 = Debug|Any CPU
		{C90D1508-E6A5-42AE-8CF6-CFB7D4467B2E}.Release|Any CPU.ActiveCfg = Release|Any CPU
		{C90D1508-E6A5-42AE-8CF6-CFB7D4467B2E}.Release|Any CPU.Build.0 = Release|Any CPU
		{D9734113-0209-44F1-8791-2737EE6C67EE}.Debug|Any CPU.ActiveCfg = Debug|Any CPU
		{D9734113-0209-44F1-8791-2737EE6C67EE}.Debug|Any CPU.Build.0 = Debug|Any CPU
		{D9734113-0209-44F1-8791-2737EE6C67EE}.Release|Any CPU.ActiveCfg = Release|Any CPU
		{D9734113-0209-44F1-8791-2737EE6C67EE}.Release|Any CPU.Build.0 = Release|Any CPU
	EndGlobalSection
	GlobalSection(SolutionProperties) = preSolution
		HideSolutionNode = FALSE
	EndGlobalSection
	GlobalSection(ExtensibilityGlobals) = postSolution
		SolutionGuid = {4EC64880-9F5F-45E2-8230-14D0B9D4623E}
	EndGlobalSection
EndGlobal
